// !$*UTF8*$!
{
	archiveVersion = 1;
	classes = {
	};
	objectVersion = 46;
	objects = {

/* Begin PBXBuildFile section */
		342AD11B1C0E74D300DA266A /* PMTablesViewController.m in Sources */ = {isa = PBXBuildFile; fileRef = 342AD11A1C0E74D300DA266A /* PMTablesViewController.m */; };
		34AEE1951C12AE3F0074416E /* PMCSVManager.m in Sources */ = {isa = PBXBuildFile; fileRef = 34AEE1941C12AE3F0074416E /* PMCSVManager.m */; };
		34AEE1981C12E96A0074416E /* PMCSVFileViewController.m in Sources */ = {isa = PBXBuildFile; fileRef = 34AEE1971C12E96A0074416E /* PMCSVFileViewController.m */; };
		34AEE19B1C13064D0074416E /* PMSQLViewController.m in Sources */ = {isa = PBXBuildFile; fileRef = 34AEE19A1C13064D0074416E /* PMSQLViewController.m */; };
		34AEE19E1C13D0210074416E /* PMLinkView.m in Sources */ = {isa = PBXBuildFile; fileRef = 34AEE19D1C13D0210074416E /* PMLinkView.m */; };
		34AEE1A21C141BAB0074416E /* PMTextView.m in Sources */ = {isa = PBXBuildFile; fileRef = 34AEE1A11C141BAB0074416E /* PMTextView.m */; };
		34AEE1A61C141EE60074416E /* PMExecuteSql.plist in Resources */ = {isa = PBXBuildFile; fileRef = 34AEE1A51C141EE60074416E /* PMExecuteSql.plist */; };
		34AEE1A91C141FF10074416E /* PMLocalSqlViewController.m in Sources */ = {isa = PBXBuildFile; fileRef = 34AEE1A81C141FF10074416E /* PMLocalSqlViewController.m */; };
		34AEE1AB1C1425C50074416E /* PMCommonSql.plist in Resources */ = {isa = PBXBuildFile; fileRef = 34AEE1AA1C1425C50074416E /* PMCommonSql.plist */; };
		34E33E731C16583F00D84D99 /* PMHelper.m in Sources */ = {isa = PBXBuildFile; fileRef = 34E33E721C16583F00D84D99 /* PMHelper.m */; };
		34E33E761C165B7000D84D99 /* PMConfigure.m in Sources */ = {isa = PBXBuildFile; fileRef = 34E33E751C165B7000D84D99 /* PMConfigure.m */; };
		34E33E791C165D0C00D84D99 /* PMFilePreviewViewController.m in Sources */ = {isa = PBXBuildFile; fileRef = 34E33E781C165D0C00D84D99 /* PMFilePreviewViewController.m */; };
		34E443B51C0F233D00A37B41 /* CHCSVParser.m in Sources */ = {isa = PBXBuildFile; fileRef = 34E443B41C0F233D00A37B41 /* CHCSVParser.m */; };
		34E443BB1C0F2C3F00A37B41 /* PMTableDetailViewController.m in Sources */ = {isa = PBXBuildFile; fileRef = 34E443BA1C0F2C3F00A37B41 /* PMTableDetailViewController.m */; };
		34E443BE1C0F309100A37B41 /* PMListView.m in Sources */ = {isa = PBXBuildFile; fileRef = 34E443BD1C0F309100A37B41 /* PMListView.m */; };
		34F301691C0D1C5F00B6629D /* main.m in Sources */ = {isa = PBXBuildFile; fileRef = 34F301681C0D1C5F00B6629D /* main.m */; };
		34F3016C1C0D1C5F00B6629D /* AppDelegate.m in Sources */ = {isa = PBXBuildFile; fileRef = 34F3016B1C0D1C5F00B6629D /* AppDelegate.m */; };
		34F3016F1C0D1C5F00B6629D /* ViewController.m in Sources */ = {isa = PBXBuildFile; fileRef = 34F3016E1C0D1C5F00B6629D /* ViewController.m */; };
		34F301721C0D1C5F00B6629D /* Main.storyboard in Resources */ = {isa = PBXBuildFile; fileRef = 34F301701C0D1C5F00B6629D /* Main.storyboard */; };
		34F301741C0D1C5F00B6629D /* Assets.xcassets in Resources */ = {isa = PBXBuildFile; fileRef = 34F301731C0D1C5F00B6629D /* Assets.xcassets */; };
		34F301771C0D1C5F00B6629D /* LaunchScreen.storyboard in Resources */ = {isa = PBXBuildFile; fileRef = 34F301751C0D1C5F00B6629D /* LaunchScreen.storyboard */; };
		34F301821C0D1C5F00B6629D /* PMFMDBTests.m in Sources */ = {isa = PBXBuildFile; fileRef = 34F301811C0D1C5F00B6629D /* PMFMDBTests.m */; };
		34F3018D1C0D1C5F00B6629D /* PMFMDBUITests.m in Sources */ = {isa = PBXBuildFile; fileRef = 34F3018C1C0D1C5F00B6629D /* PMFMDBUITests.m */; };
		34F301A81C0D1D7800B6629D /* FMDatabase.m in Sources */ = {isa = PBXBuildFile; fileRef = 34F3019D1C0D1D7800B6629D /* FMDatabase.m */; };
		34F301A91C0D1D7800B6629D /* FMDatabaseAdditions.m in Sources */ = {isa = PBXBuildFile; fileRef = 34F3019F1C0D1D7800B6629D /* FMDatabaseAdditions.m */; };
		34F301AA1C0D1D7800B6629D /* FMDatabasePool.m in Sources */ = {isa = PBXBuildFile; fileRef = 34F301A11C0D1D7800B6629D /* FMDatabasePool.m */; };
		34F301AB1C0D1D7800B6629D /* FMDatabaseQueue.m in Sources */ = {isa = PBXBuildFile; fileRef = 34F301A31C0D1D7800B6629D /* FMDatabaseQueue.m */; };
		34F301AC1C0D1D7800B6629D /* FMResultSet.m in Sources */ = {isa = PBXBuildFile; fileRef = 34F301A61C0D1D7800B6629D /* FMResultSet.m */; };
		34F301AE1C0D1D8B00B6629D /* libsqlite3.tbd in Frameworks */ = {isa = PBXBuildFile; fileRef = 34F301AD1C0D1D8B00B6629D /* libsqlite3.tbd */; };
		34F302401C0D200C00B6629D /* PMMainViewController.m in Sources */ = {isa = PBXBuildFile; fileRef = 34F3023F1C0D200C00B6629D /* PMMainViewController.m */; };
		34F302431C0D269B00B6629D /* PMDataManager.m in Sources */ = {isa = PBXBuildFile; fileRef = 34F302421C0D269B00B6629D /* PMDataManager.m */; };
/* End PBXBuildFile section */

/* Begin PBXContainerItemProxy section */
		34F3017E1C0D1C5F00B6629D /* PBXContainerItemProxy */ = {
			isa = PBXContainerItemProxy;
			containerPortal = 34F3015C1C0D1C5F00B6629D /* Project object */;
			proxyType = 1;
			remoteGlobalIDString = 34F301631C0D1C5F00B6629D;
			remoteInfo = PMFMDB;
		};
		34F301891C0D1C5F00B6629D /* PBXContainerItemProxy */ = {
			isa = PBXContainerItemProxy;
			containerPortal = 34F3015C1C0D1C5F00B6629D /* Project object */;
			proxyType = 1;
			remoteGlobalIDString = 34F301631C0D1C5F00B6629D;
			remoteInfo = PMFMDB;
		};
/* End PBXContainerItemProxy section */

/* Begin PBXFileReference section */
		342AD1181C0DE2DF00DA266A /* PMDataSql.h */ = {isa = PBXFileReference; lastKnownFileType = sourcecode.c.h; path = PMDataSql.h; sourceTree = "<group>"; };
		342AD1191C0E74D300DA266A /* PMTablesViewController.h */ = {isa = PBXFileReference; fileEncoding = 4; lastKnownFileType = sourcecode.c.h; path = PMTablesViewController.h; sourceTree = "<group>"; };
		342AD11A1C0E74D300DA266A /* PMTablesViewController.m */ = {isa = PBXFileReference; fileEncoding = 4; lastKnownFileType = sourcecode.c.objc; path = PMTablesViewController.m; sourceTree = "<group>"; };
		34AEE1931C12AE3F0074416E /* PMCSVManager.h */ = {isa = PBXFileReference; fileEncoding = 4; lastKnownFileType = sourcecode.c.h; path = PMCSVManager.h; sourceTree = "<group>"; };
		34AEE1941C12AE3F0074416E /* PMCSVManager.m */ = {isa = PBXFileReference; fileEncoding = 4; lastKnownFileType = sourcecode.c.objc; path = PMCSVManager.m; sourceTree = "<group>"; };
		34AEE1961C12E96A0074416E /* PMCSVFileViewController.h */ = {isa = PBXFileReference; fileEncoding = 4; lastKnownFileType = sourcecode.c.h; path = PMCSVFileViewController.h; sourceTree = "<group>"; };
		34AEE1971C12E96A0074416E /* PMCSVFileViewController.m */ = {isa = PBXFileReference; fileEncoding = 4; lastKnownFileType = sourcecode.c.objc; path = PMCSVFileViewController.m; sourceTree = "<group>"; };
		34AEE1991C13064D0074416E /* PMSQLViewController.h */ = {isa = PBXFileReference; fileEncoding = 4; lastKnownFileType = sourcecode.c.h; path = PMSQLViewController.h; sourceTree = "<group>"; };
		34AEE19A1C13064D0074416E /* PMSQLViewController.m */ = {isa = PBXFileReference; fileEncoding = 4; lastKnownFileType = sourcecode.c.objc; path = PMSQLViewController.m; sourceTree = "<group>"; };
		34AEE19C1C13D0210074416E /* PMLinkView.h */ = {isa = PBXFileReference; fileEncoding = 4; lastKnownFileType = sourcecode.c.h; path = PMLinkView.h; sourceTree = "<group>"; };
		34AEE19D1C13D0210074416E /* PMLinkView.m */ = {isa = PBXFileReference; fileEncoding = 4; lastKnownFileType = sourcecode.c.objc; path = PMLinkView.m; sourceTree = "<group>"; };
		34AEE1A01C141BAB0074416E /* PMTextView.h */ = {isa = PBXFileReference; fileEncoding = 4; lastKnownFileType = sourcecode.c.h; path = PMTextView.h; sourceTree = "<group>"; };
		34AEE1A11C141BAB0074416E /* PMTextView.m */ = {isa = PBXFileReference; fileEncoding = 4; lastKnownFileType = sourcecode.c.objc; path = PMTextView.m; sourceTree = "<group>"; };
		34AEE1A51C141EE60074416E /* PMExecuteSql.plist */ = {isa = PBXFileReference; fileEncoding = 4; lastKnownFileType = text.plist.xml; path = PMExecuteSql.plist; sourceTree = "<group>"; };
		34AEE1A71C141FF10074416E /* PMLocalSqlViewController.h */ = {isa = PBXFileReference; fileEncoding = 4; lastKnownFileType = sourcecode.c.h; path = PMLocalSqlViewController.h; sourceTree = "<group>"; };
		34AEE1A81C141FF10074416E /* PMLocalSqlViewController.m */ = {isa = PBXFileReference; fileEncoding = 4; lastKnownFileType = sourcecode.c.objc; path = PMLocalSqlViewController.m; sourceTree = "<group>"; };
		34AEE1AA1C1425C50074416E /* PMCommonSql.plist */ = {isa = PBXFileReference; fileEncoding = 4; lastKnownFileType = text.plist.xml; path = PMCommonSql.plist; sourceTree = "<group>"; };
		34E33E711C16583F00D84D99 /* PMHelper.h */ = {isa = PBXFileReference; fileEncoding = 4; lastKnownFileType = sourcecode.c.h; path = PMHelper.h; sourceTree = "<group>"; };
		34E33E721C16583F00D84D99 /* PMHelper.m */ = {isa = PBXFileReference; fileEncoding = 4; lastKnownFileType = sourcecode.c.objc; path = PMHelper.m; sourceTree = "<group>"; };
		34E33E741C165B7000D84D99 /* PMConfigure.h */ = {isa = PBXFileReference; fileEncoding = 4; lastKnownFileType = sourcecode.c.h; path = PMConfigure.h; sourceTree = "<group>"; };
		34E33E751C165B7000D84D99 /* PMConfigure.m */ = {isa = PBXFileReference; fileEncoding = 4; lastKnownFileType = sourcecode.c.objc; path = PMConfigure.m; sourceTree = "<group>"; };
		34E33E771C165D0C00D84D99 /* PMFilePreviewViewController.h */ = {isa = PBXFileReference; fileEncoding = 4; lastKnownFileType = sourcecode.c.h; path = PMFilePreviewViewController.h; sourceTree = "<group>"; };
		34E33E781C165D0C00D84D99 /* PMFilePreviewViewController.m */ = {isa = PBXFileReference; fileEncoding = 4; lastKnownFileType = sourcecode.c.objc; path = PMFilePreviewViewController.m; sourceTree = "<group>"; };
		34E443B31C0F233D00A37B41 /* CHCSVParser.h */ = {isa = PBXFileReference; fileEncoding = 4; lastKnownFileType = sourcecode.c.h; path = CHCSVParser.h; sourceTree = "<group>"; };
		34E443B41C0F233D00A37B41 /* CHCSVParser.m */ = {isa = PBXFileReference; fileEncoding = 4; lastKnownFileType = sourcecode.c.objc; path = CHCSVParser.m; sourceTree = "<group>"; };
		34E443B91C0F2C3F00A37B41 /* PMTableDetailViewController.h */ = {isa = PBXFileReference; fileEncoding = 4; lastKnownFileType = sourcecode.c.h; path = PMTableDetailViewController.h; sourceTree = "<group>"; };
		34E443BA1C0F2C3F00A37B41 /* PMTableDetailViewController.m */ = {isa = PBXFileReference; fileEncoding = 4; lastKnownFileType = sourcecode.c.objc; path = PMTableDetailViewController.m; sourceTree = "<group>"; };
		34E443BC1C0F309100A37B41 /* PMListView.h */ = {isa = PBXFileReference; fileEncoding = 4; lastKnownFileType = sourcecode.c.h; path = PMListView.h; sourceTree = "<group>"; };
		34E443BD1C0F309100A37B41 /* PMListView.m */ = {isa = PBXFileReference; fileEncoding = 4; lastKnownFileType = sourcecode.c.objc; path = PMListView.m; sourceTree = "<group>"; };
		34F301641C0D1C5F00B6629D /* PMFMDB.app */ = {isa = PBXFileReference; explicitFileType = wrapper.application; includeInIndex = 0; path = PMFMDB.app; sourceTree = BUILT_PRODUCTS_DIR; };
		34F301681C0D1C5F00B6629D /* main.m */ = {isa = PBXFileReference; lastKnownFileType = sourcecode.c.objc; path = main.m; sourceTree = "<group>"; };
		34F3016A1C0D1C5F00B6629D /* AppDelegate.h */ = {isa = PBXFileReference; lastKnownFileType = sourcecode.c.h; path = AppDelegate.h; sourceTree = "<group>"; };
		34F3016B1C0D1C5F00B6629D /* AppDelegate.m */ = {isa = PBXFileReference; lastKnownFileType = sourcecode.c.objc; path = AppDelegate.m; sourceTree = "<group>"; };
		34F3016D1C0D1C5F00B6629D /* ViewController.h */ = {isa = PBXFileReference; lastKnownFileType = sourcecode.c.h; path = ViewController.h; sourceTree = "<group>"; };
		34F3016E1C0D1C5F00B6629D /* ViewController.m */ = {isa = PBXFileReference; lastKnownFileType = sourcecode.c.objc; path = ViewController.m; sourceTree = "<group>"; };
		34F301711C0D1C5F00B6629D /* Base */ = {isa = PBXFileReference; lastKnownFileType = file.storyboard; name = Base; path = Base.lproj/Main.storyboard; sourceTree = "<group>"; };
		34F301731C0D1C5F00B6629D /* Assets.xcassets */ = {isa = PBXFileReference; lastKnownFileType = folder.assetcatalog; path = Assets.xcassets; sourceTree = "<group>"; };
		34F301761C0D1C5F00B6629D /* Base */ = {isa = PBXFileReference; lastKnownFileType = file.storyboard; name = Base; path = Base.lproj/LaunchScreen.storyboard; sourceTree = "<group>"; };
		34F301781C0D1C5F00B6629D /* Info.plist */ = {isa = PBXFileReference; lastKnownFileType = text.plist.xml; path = Info.plist; sourceTree = "<group>"; };
		34F3017D1C0D1C5F00B6629D /* PMFMDBTests.xctest */ = {isa = PBXFileReference; explicitFileType = wrapper.cfbundle; includeInIndex = 0; path = PMFMDBTests.xctest; sourceTree = BUILT_PRODUCTS_DIR; };
		34F301811C0D1C5F00B6629D /* PMFMDBTests.m */ = {isa = PBXFileReference; lastKnownFileType = sourcecode.c.objc; path = PMFMDBTests.m; sourceTree = "<group>"; };
		34F301831C0D1C5F00B6629D /* Info.plist */ = {isa = PBXFileReference; lastKnownFileType = text.plist.xml; path = Info.plist; sourceTree = "<group>"; };
		34F301881C0D1C5F00B6629D /* PMFMDBUITests.xctest */ = {isa = PBXFileReference; explicitFileType = wrapper.cfbundle; includeInIndex = 0; path = PMFMDBUITests.xctest; sourceTree = BUILT_PRODUCTS_DIR; };
		34F3018C1C0D1C5F00B6629D /* PMFMDBUITests.m */ = {isa = PBXFileReference; lastKnownFileType = sourcecode.c.objc; path = PMFMDBUITests.m; sourceTree = "<group>"; };
		34F3018E1C0D1C5F00B6629D /* Info.plist */ = {isa = PBXFileReference; lastKnownFileType = text.plist.xml; path = Info.plist; sourceTree = "<group>"; };
		34F3019C1C0D1D7800B6629D /* FMDatabase.h */ = {isa = PBXFileReference; fileEncoding = 4; lastKnownFileType = sourcecode.c.h; path = FMDatabase.h; sourceTree = "<group>"; };
		34F3019D1C0D1D7800B6629D /* FMDatabase.m */ = {isa = PBXFileReference; fileEncoding = 4; lastKnownFileType = sourcecode.c.objc; path = FMDatabase.m; sourceTree = "<group>"; };
		34F3019E1C0D1D7800B6629D /* FMDatabaseAdditions.h */ = {isa = PBXFileReference; fileEncoding = 4; lastKnownFileType = sourcecode.c.h; path = FMDatabaseAdditions.h; sourceTree = "<group>"; };
		34F3019F1C0D1D7800B6629D /* FMDatabaseAdditions.m */ = {isa = PBXFileReference; fileEncoding = 4; lastKnownFileType = sourcecode.c.objc; path = FMDatabaseAdditions.m; sourceTree = "<group>"; };
		34F301A01C0D1D7800B6629D /* FMDatabasePool.h */ = {isa = PBXFileReference; fileEncoding = 4; lastKnownFileType = sourcecode.c.h; path = FMDatabasePool.h; sourceTree = "<group>"; };
		34F301A11C0D1D7800B6629D /* FMDatabasePool.m */ = {isa = PBXFileReference; fileEncoding = 4; lastKnownFileType = sourcecode.c.objc; path = FMDatabasePool.m; sourceTree = "<group>"; };
		34F301A21C0D1D7800B6629D /* FMDatabaseQueue.h */ = {isa = PBXFileReference; fileEncoding = 4; lastKnownFileType = sourcecode.c.h; path = FMDatabaseQueue.h; sourceTree = "<group>"; };
		34F301A31C0D1D7800B6629D /* FMDatabaseQueue.m */ = {isa = PBXFileReference; fileEncoding = 4; lastKnownFileType = sourcecode.c.objc; path = FMDatabaseQueue.m; sourceTree = "<group>"; };
		34F301A41C0D1D7800B6629D /* FMDB.h */ = {isa = PBXFileReference; fileEncoding = 4; lastKnownFileType = sourcecode.c.h; path = FMDB.h; sourceTree = "<group>"; };
		34F301A51C0D1D7800B6629D /* FMResultSet.h */ = {isa = PBXFileReference; fileEncoding = 4; lastKnownFileType = sourcecode.c.h; path = FMResultSet.h; sourceTree = "<group>"; };
		34F301A61C0D1D7800B6629D /* FMResultSet.m */ = {isa = PBXFileReference; fileEncoding = 4; lastKnownFileType = sourcecode.c.objc; path = FMResultSet.m; sourceTree = "<group>"; };
		34F301AD1C0D1D8B00B6629D /* libsqlite3.tbd */ = {isa = PBXFileReference; lastKnownFileType = "sourcecode.text-based-dylib-definition"; name = libsqlite3.tbd; path = usr/lib/libsqlite3.tbd; sourceTree = SDKROOT; };
		34F3023E1C0D200C00B6629D /* PMMainViewController.h */ = {isa = PBXFileReference; fileEncoding = 4; lastKnownFileType = sourcecode.c.h; path = PMMainViewController.h; sourceTree = "<group>"; };
		34F3023F1C0D200C00B6629D /* PMMainViewController.m */ = {isa = PBXFileReference; fileEncoding = 4; lastKnownFileType = sourcecode.c.objc; path = PMMainViewController.m; sourceTree = "<group>"; };
		34F302411C0D269B00B6629D /* PMDataManager.h */ = {isa = PBXFileReference; fileEncoding = 4; lastKnownFileType = sourcecode.c.h; path = PMDataManager.h; sourceTree = "<group>"; };
		34F302421C0D269B00B6629D /* PMDataManager.m */ = {isa = PBXFileReference; fileEncoding = 4; lastKnownFileType = sourcecode.c.objc; path = PMDataManager.m; sourceTree = "<group>"; };
/* End PBXFileReference section */

/* Begin PBXFrameworksBuildPhase section */
		34F301611C0D1C5F00B6629D /* Frameworks */ = {
			isa = PBXFrameworksBuildPhase;
			buildActionMask = 2147483647;
			files = (
				34F301AE1C0D1D8B00B6629D /* libsqlite3.tbd in Frameworks */,
			);
			runOnlyForDeploymentPostprocessing = 0;
		};
		34F3017A1C0D1C5F00B6629D /* Frameworks */ = {
			isa = PBXFrameworksBuildPhase;
			buildActionMask = 2147483647;
			files = (
			);
			runOnlyForDeploymentPostprocessing = 0;
		};
		34F301851C0D1C5F00B6629D /* Frameworks */ = {
			isa = PBXFrameworksBuildPhase;
			buildActionMask = 2147483647;
			files = (
			);
			runOnlyForDeploymentPostprocessing = 0;
		};
/* End PBXFrameworksBuildPhase section */

/* Begin PBXGroup section */
		34E443B21C0F233D00A37B41 /* CHCSVParser */ = {
			isa = PBXGroup;
			children = (
				34E443B31C0F233D00A37B41 /* CHCSVParser.h */,
				34E443B41C0F233D00A37B41 /* CHCSVParser.m */,
			);
			path = CHCSVParser;
			sourceTree = "<group>";
		};
		34F3015B1C0D1C5F00B6629D = {
			isa = PBXGroup;
			children = (
				34F301AD1C0D1D8B00B6629D /* libsqlite3.tbd */,
				34F301661C0D1C5F00B6629D /* PMFMDB */,
				34F301801C0D1C5F00B6629D /* PMFMDBTests */,
				34F3018B1C0D1C5F00B6629D /* PMFMDBUITests */,
				34F301651C0D1C5F00B6629D /* Products */,
			);
			sourceTree = "<group>";
		};
		34F301651C0D1C5F00B6629D /* Products */ = {
			isa = PBXGroup;
			children = (
				34F301641C0D1C5F00B6629D /* PMFMDB.app */,
				34F3017D1C0D1C5F00B6629D /* PMFMDBTests.xctest */,
				34F301881C0D1C5F00B6629D /* PMFMDBUITests.xctest */,
			);
			name = Products;
			sourceTree = "<group>";
		};
		34F301661C0D1C5F00B6629D /* PMFMDB */ = {
			isa = PBXGroup;
			children = (
				34F3019A1C0D1D7800B6629D /* Lib */,
				34F3016A1C0D1C5F00B6629D /* AppDelegate.h */,
				34F3016B1C0D1C5F00B6629D /* AppDelegate.m */,
				34F3016D1C0D1C5F00B6629D /* ViewController.h */,
				34F3016E1C0D1C5F00B6629D /* ViewController.m */,
				34F301701C0D1C5F00B6629D /* Main.storyboard */,
				34F301731C0D1C5F00B6629D /* Assets.xcassets */,
				34F301751C0D1C5F00B6629D /* LaunchScreen.storyboard */,
				34F301781C0D1C5F00B6629D /* Info.plist */,
				34F301671C0D1C5F00B6629D /* Supporting Files */,
			);
			path = PMFMDB;
			sourceTree = "<group>";
		};
		34F301671C0D1C5F00B6629D /* Supporting Files */ = {
			isa = PBXGroup;
			children = (
				34F301681C0D1C5F00B6629D /* main.m */,
			);
			name = "Supporting Files";
			sourceTree = "<group>";
		};
		34F301801C0D1C5F00B6629D /* PMFMDBTests */ = {
			isa = PBXGroup;
			children = (
				34F301811C0D1C5F00B6629D /* PMFMDBTests.m */,
				34F301831C0D1C5F00B6629D /* Info.plist */,
			);
			path = PMFMDBTests;
			sourceTree = "<group>";
		};
		34F3018B1C0D1C5F00B6629D /* PMFMDBUITests */ = {
			isa = PBXGroup;
			children = (
				34F3018C1C0D1C5F00B6629D /* PMFMDBUITests.m */,
				34F3018E1C0D1C5F00B6629D /* Info.plist */,
			);
			path = PMFMDBUITests;
			sourceTree = "<group>";
		};
		34F3019A1C0D1D7800B6629D /* Lib */ = {
			isa = PBXGroup;
			children = (
				34E443B21C0F233D00A37B41 /* CHCSVParser */,
				34F3019B1C0D1D7800B6629D /* fmdb */,
				34F301A71C0D1D7800B6629D /* PMFMDB */,
			);
			path = Lib;
			sourceTree = "<group>";
		};
		34F3019B1C0D1D7800B6629D /* fmdb */ = {
			isa = PBXGroup;
			children = (
				34F3019C1C0D1D7800B6629D /* FMDatabase.h */,
				34F3019D1C0D1D7800B6629D /* FMDatabase.m */,
				34F3019E1C0D1D7800B6629D /* FMDatabaseAdditions.h */,
				34F3019F1C0D1D7800B6629D /* FMDatabaseAdditions.m */,
				34F301A01C0D1D7800B6629D /* FMDatabasePool.h */,
				34F301A11C0D1D7800B6629D /* FMDatabasePool.m */,
				34F301A21C0D1D7800B6629D /* FMDatabaseQueue.h */,
				34F301A31C0D1D7800B6629D /* FMDatabaseQueue.m */,
				34F301A41C0D1D7800B6629D /* FMDB.h */,
				34F301A51C0D1D7800B6629D /* FMResultSet.h */,
				34F301A61C0D1D7800B6629D /* FMResultSet.m */,
			);
			path = fmdb;
			sourceTree = "<group>";
		};
		34F301A71C0D1D7800B6629D /* PMFMDB */ = {
			isa = PBXGroup;
			children = (
				34F3023A1C0D1FCE00B6629D /* PMmanager */,
				34F3023C1C0D1FCE00B6629D /* PMViewControllers */,
				34F3023D1C0D1FCE00B6629D /* PMViews */,
			);
			path = PMFMDB;
			sourceTree = "<group>";
		};
		34F3023A1C0D1FCE00B6629D /* PMmanager */ = {
			isa = PBXGroup;
			children = (
				34F302411C0D269B00B6629D /* PMDataManager.h */,
				34F302421C0D269B00B6629D /* PMDataManager.m */,
				342AD1181C0DE2DF00DA266A /* PMDataSql.h */,
				34AEE1931C12AE3F0074416E /* PMCSVManager.h */,
				34AEE1941C12AE3F0074416E /* PMCSVManager.m */,
				34AEE1A51C141EE60074416E /* PMExecuteSql.plist */,
				34AEE1AA1C1425C50074416E /* PMCommonSql.plist */,
				34E33E711C16583F00D84D99 /* PMHelper.h */,
				34E33E721C16583F00D84D99 /* PMHelper.m */,
				34E33E741C165B7000D84D99 /* PMConfigure.h */,
				34E33E751C165B7000D84D99 /* PMConfigure.m */,
			);
			path = PMmanager;
			sourceTree = "<group>";
		};
		34F3023C1C0D1FCE00B6629D /* PMViewControllers */ = {
			isa = PBXGroup;
			children = (
				34F3023E1C0D200C00B6629D /* PMMainViewController.h */,
				34F3023F1C0D200C00B6629D /* PMMainViewController.m */,
				342AD1191C0E74D300DA266A /* PMTablesViewController.h */,
				342AD11A1C0E74D300DA266A /* PMTablesViewController.m */,
				34E443B91C0F2C3F00A37B41 /* PMTableDetailViewController.h */,
				34E443BA1C0F2C3F00A37B41 /* PMTableDetailViewController.m */,
				34AEE1961C12E96A0074416E /* PMCSVFileViewController.h */,
				34AEE1971C12E96A0074416E /* PMCSVFileViewController.m */,
				34AEE1991C13064D0074416E /* PMSQLViewController.h */,
				34AEE19A1C13064D0074416E /* PMSQLViewController.m */,
				34AEE1A71C141FF10074416E /* PMLocalSqlViewController.h */,
				34AEE1A81C141FF10074416E /* PMLocalSqlViewController.m */,
				34E33E771C165D0C00D84D99 /* PMFilePreviewViewController.h */,
				34E33E781C165D0C00D84D99 /* PMFilePreviewViewController.m */,
			);
			path = PMViewControllers;
			sourceTree = "<group>";
		};
		34F3023D1C0D1FCE00B6629D /* PMViews */ = {
			isa = PBXGroup;
			children = (
				34E443BC1C0F309100A37B41 /* PMListView.h */,
				34E443BD1C0F309100A37B41 /* PMListView.m */,
				34AEE19C1C13D0210074416E /* PMLinkView.h */,
				34AEE19D1C13D0210074416E /* PMLinkView.m */,
				34AEE1A01C141BAB0074416E /* PMTextView.h */,
				34AEE1A11C141BAB0074416E /* PMTextView.m */,
			);
			path = PMViews;
			sourceTree = "<group>";
		};
/* End PBXGroup section */

/* Begin PBXNativeTarget section */
		34F301631C0D1C5F00B6629D /* PMFMDB */ = {
			isa = PBXNativeTarget;
			buildConfigurationList = 34F301911C0D1C5F00B6629D /* Build configuration list for PBXNativeTarget "PMFMDB" */;
			buildPhases = (
				34F301601C0D1C5F00B6629D /* Sources */,
				34F301611C0D1C5F00B6629D /* Frameworks */,
				34F301621C0D1C5F00B6629D /* Resources */,
			);
			buildRules = (
			);
			dependencies = (
			);
			name = PMFMDB;
			productName = PMFMDB;
			productReference = 34F301641C0D1C5F00B6629D /* PMFMDB.app */;
			productType = "com.apple.product-type.application";
		};
		34F3017C1C0D1C5F00B6629D /* PMFMDBTests */ = {
			isa = PBXNativeTarget;
			buildConfigurationList = 34F301941C0D1C5F00B6629D /* Build configuration list for PBXNativeTarget "PMFMDBTests" */;
			buildPhases = (
				34F301791C0D1C5F00B6629D /* Sources */,
				34F3017A1C0D1C5F00B6629D /* Frameworks */,
				34F3017B1C0D1C5F00B6629D /* Resources */,
			);
			buildRules = (
			);
			dependencies = (
				34F3017F1C0D1C5F00B6629D /* PBXTargetDependency */,
			);
			name = PMFMDBTests;
			productName = PMFMDBTests;
			productReference = 34F3017D1C0D1C5F00B6629D /* PMFMDBTests.xctest */;
			productType = "com.apple.product-type.bundle.unit-test";
		};
		34F301871C0D1C5F00B6629D /* PMFMDBUITests */ = {
			isa = PBXNativeTarget;
			buildConfigurationList = 34F301971C0D1C5F00B6629D /* Build configuration list for PBXNativeTarget "PMFMDBUITests" */;
			buildPhases = (
				34F301841C0D1C5F00B6629D /* Sources */,
				34F301851C0D1C5F00B6629D /* Frameworks */,
				34F301861C0D1C5F00B6629D /* Resources */,
			);
			buildRules = (
			);
			dependencies = (
				34F3018A1C0D1C5F00B6629D /* PBXTargetDependency */,
			);
			name = PMFMDBUITests;
			productName = PMFMDBUITests;
			productReference = 34F301881C0D1C5F00B6629D /* PMFMDBUITests.xctest */;
			productType = "com.apple.product-type.bundle.ui-testing";
		};
/* End PBXNativeTarget section */

/* Begin PBXProject section */
		34F3015C1C0D1C5F00B6629D /* Project object */ = {
			isa = PBXProject;
			attributes = {
				LastUpgradeCheck = 0710;
				ORGANIZATIONNAME = WSY;
				TargetAttributes = {
					34F301631C0D1C5F00B6629D = {
						CreatedOnToolsVersion = 7.1.1;
					};
					34F3017C1C0D1C5F00B6629D = {
						CreatedOnToolsVersion = 7.1.1;
						TestTargetID = 34F301631C0D1C5F00B6629D;
					};
					34F301871C0D1C5F00B6629D = {
						CreatedOnToolsVersion = 7.1.1;
						TestTargetID = 34F301631C0D1C5F00B6629D;
					};
				};
			};
			buildConfigurationList = 34F3015F1C0D1C5F00B6629D /* Build configuration list for PBXProject "PMFMDB" */;
			compatibilityVersion = "Xcode 3.2";
			developmentRegion = English;
			hasScannedForEncodings = 0;
			knownRegions = (
				en,
				Base,
			);
			mainGroup = 34F3015B1C0D1C5F00B6629D;
			productRefGroup = 34F301651C0D1C5F00B6629D /* Products */;
			projectDirPath = "";
			projectRoot = "";
			targets = (
				34F301631C0D1C5F00B6629D /* PMFMDB */,
				34F3017C1C0D1C5F00B6629D /* PMFMDBTests */,
				34F301871C0D1C5F00B6629D /* PMFMDBUITests */,
			);
		};
/* End PBXProject section */

/* Begin PBXResourcesBuildPhase section */
		34F301621C0D1C5F00B6629D /* Resources */ = {
			isa = PBXResourcesBuildPhase;
			buildActionMask = 2147483647;
			files = (
				34AEE1AB1C1425C50074416E /* PMCommonSql.plist in Resources */,
				34AEE1A61C141EE60074416E /* PMExecuteSql.plist in Resources */,
				34F301771C0D1C5F00B6629D /* LaunchScreen.storyboard in Resources */,
				34F301741C0D1C5F00B6629D /* Assets.xcassets in Resources */,
				34F301721C0D1C5F00B6629D /* Main.storyboard in Resources */,
			);
			runOnlyForDeploymentPostprocessing = 0;
		};
		34F3017B1C0D1C5F00B6629D /* Resources */ = {
			isa = PBXResourcesBuildPhase;
			buildActionMask = 2147483647;
			files = (
			);
			runOnlyForDeploymentPostprocessing = 0;
		};
		34F301861C0D1C5F00B6629D /* Resources */ = {
			isa = PBXResourcesBuildPhase;
			buildActionMask = 2147483647;
			files = (
			);
			runOnlyForDeploymentPostprocessing = 0;
		};
/* End PBXResourcesBuildPhase section */

/* Begin PBXSourcesBuildPhase section */
		34F301601C0D1C5F00B6629D /* Sources */ = {
			isa = PBXSourcesBuildPhase;
			buildActionMask = 2147483647;
			files = (
				34F3016F1C0D1C5F00B6629D /* ViewController.m in Sources */,
				34F302401C0D200C00B6629D /* PMMainViewController.m in Sources */,
				34F301AA1C0D1D7800B6629D /* FMDatabasePool.m in Sources */,
				34AEE1981C12E96A0074416E /* PMCSVFileViewController.m in Sources */,
				34AEE1A91C141FF10074416E /* PMLocalSqlViewController.m in Sources */,
				34F3016C1C0D1C5F00B6629D /* AppDelegate.m in Sources */,
				34F302431C0D269B00B6629D /* PMDataManager.m in Sources */,
				34F301AB1C0D1D7800B6629D /* FMDatabaseQueue.m in Sources */,
				34F301691C0D1C5F00B6629D /* main.m in Sources */,
				342AD11B1C0E74D300DA266A /* PMTablesViewController.m in Sources */,
				34AEE19B1C13064D0074416E /* PMSQLViewController.m in Sources */,
				34E33E731C16583F00D84D99 /* PMHelper.m in Sources */,
				34E443B51C0F233D00A37B41 /* CHCSVParser.m in Sources */,
				34E33E761C165B7000D84D99 /* PMConfigure.m in Sources */,
				34E443BE1C0F309100A37B41 /* PMListView.m in Sources */,
				34F301A81C0D1D7800B6629D /* FMDatabase.m in Sources */,
				34AEE1A21C141BAB0074416E /* PMTextView.m in Sources */,
				34F301AC1C0D1D7800B6629D /* FMResultSet.m in Sources */,
				34AEE1951C12AE3F0074416E /* PMCSVManager.m in Sources */,
				34AEE19E1C13D0210074416E /* PMLinkView.m in Sources */,
				34F301A91C0D1D7800B6629D /* FMDatabaseAdditions.m in Sources */,
				34E443BB1C0F2C3F00A37B41 /* PMTableDetailViewController.m in Sources */,
				34E33E791C165D0C00D84D99 /* PMFilePreviewViewController.m in Sources */,
			);
			runOnlyForDeploymentPostprocessing = 0;
		};
		34F301791C0D1C5F00B6629D /* Sources */ = {
			isa = PBXSourcesBuildPhase;
			buildActionMask = 2147483647;
			files = (
				34F301821C0D1C5F00B6629D /* PMFMDBTests.m in Sources */,
			);
			runOnlyForDeploymentPostprocessing = 0;
		};
		34F301841C0D1C5F00B6629D /* Sources */ = {
			isa = PBXSourcesBuildPhase;
			buildActionMask = 2147483647;
			files = (
				34F3018D1C0D1C5F00B6629D /* PMFMDBUITests.m in Sources */,
			);
			runOnlyForDeploymentPostprocessing = 0;
		};
/* End PBXSourcesBuildPhase section */

/* Begin PBXTargetDependency section */
		34F3017F1C0D1C5F00B6629D /* PBXTargetDependency */ = {
			isa = PBXTargetDependency;
			target = 34F301631C0D1C5F00B6629D /* PMFMDB */;
			targetProxy = 34F3017E1C0D1C5F00B6629D /* PBXContainerItemProxy */;
		};
		34F3018A1C0D1C5F00B6629D /* PBXTargetDependency */ = {
			isa = PBXTargetDependency;
			target = 34F301631C0D1C5F00B6629D /* PMFMDB */;
			targetProxy = 34F301891C0D1C5F00B6629D /* PBXContainerItemProxy */;
		};
/* End PBXTargetDependency section */

/* Begin PBXVariantGroup section */
		34F301701C0D1C5F00B6629D /* Main.storyboard */ = {
			isa = PBXVariantGroup;
			children = (
				34F301711C0D1C5F00B6629D /* Base */,
			);
			name = Main.storyboard;
			sourceTree = "<group>";
		};
		34F301751C0D1C5F00B6629D /* LaunchScreen.storyboard */ = {
			isa = PBXVariantGroup;
			children = (
				34F301761C0D1C5F00B6629D /* Base */,
			);
			name = LaunchScreen.storyboard;
			sourceTree = "<group>";
		};
/* End PBXVariantGroup section */

/* Begin XCBuildConfiguration section */
		34F3018F1C0D1C5F00B6629D /* Debug */ = {
			isa = XCBuildConfiguration;
			buildSettings = {
				ALWAYS_SEARCH_USER_PATHS = NO;
				CLANG_CXX_LANGUAGE_STANDARD = "gnu++0x";
				CLANG_CXX_LIBRARY = "libc++";
				CLANG_ENABLE_MODULES = YES;
				CLANG_ENABLE_OBJC_ARC = YES;
				CLANG_WARN_BOOL_CONVERSION = YES;
				CLANG_WARN_CONSTANT_CONVERSION = YES;
				CLANG_WARN_DIRECT_OBJC_ISA_USAGE = YES_ERROR;
				CLANG_WARN_EMPTY_BODY = YES;
				CLANG_WARN_ENUM_CONVERSION = YES;
				CLANG_WARN_INT_CONVERSION = YES;
				CLANG_WARN_OBJC_ROOT_CLASS = YES_ERROR;
				CLANG_WARN_UNREACHABLE_CODE = YES;
				CLANG_WARN__DUPLICATE_METHOD_MATCH = YES;
				"CODE_SIGN_IDENTITY[sdk=iphoneos*]" = "iPhone Developer";
				COPY_PHASE_STRIP = NO;
				DEBUG_INFORMATION_FORMAT = dwarf;
				ENABLE_STRICT_OBJC_MSGSEND = YES;
				ENABLE_TESTABILITY = YES;
				GCC_C_LANGUAGE_STANDARD = gnu99;
				GCC_DYNAMIC_NO_PIC = NO;
				GCC_NO_COMMON_BLOCKS = YES;
				GCC_OPTIMIZATION_LEVEL = 0;
				GCC_PREPROCESSOR_DEFINITIONS = (
					"DEBUG=1",
					"$(inherited)",
				);
				GCC_WARN_64_TO_32_BIT_CONVERSION = YES;
				GCC_WARN_ABOUT_RETURN_TYPE = YES_ERROR;
				GCC_WARN_UNDECLARED_SELECTOR = YES;
				GCC_WARN_UNINITIALIZED_AUTOS = YES_AGGRESSIVE;
				GCC_WARN_UNUSED_FUNCTION = YES;
				GCC_WARN_UNUSED_VARIABLE = YES;
				IPHONEOS_DEPLOYMENT_TARGET = 9.1;
				MTL_ENABLE_DEBUG_INFO = YES;
				ONLY_ACTIVE_ARCH = YES;
				SDKROOT = iphoneos;
			};
			name = Debug;
		};
		34F301901C0D1C5F00B6629D /* Release */ = {
			isa = XCBuildConfiguration;
			buildSettings = {
				ALWAYS_SEARCH_USER_PATHS = NO;
				CLANG_CXX_LANGUAGE_STANDARD = "gnu++0x";
				CLANG_CXX_LIBRARY = "libc++";
				CLANG_ENABLE_MODULES = YES;
				CLANG_ENABLE_OBJC_ARC = YES;
				CLANG_WARN_BOOL_CONVERSION = YES;
				CLANG_WARN_CONSTANT_CONVERSION = YES;
				CLANG_WARN_DIRECT_OBJC_ISA_USAGE = YES_ERROR;
				CLANG_WARN_EMPTY_BODY = YES;
				CLANG_WARN_ENUM_CONVERSION = YES;
				CLANG_WARN_INT_CONVERSION = YES;
				CLANG_WARN_OBJC_ROOT_CLASS = YES_ERROR;
				CLANG_WARN_UNREACHABLE_CODE = YES;
				CLANG_WARN__DUPLICATE_METHOD_MATCH = YES;
				"CODE_SIGN_IDENTITY[sdk=iphoneos*]" = "iPhone Developer";
				COPY_PHASE_STRIP = NO;
				DEBUG_INFORMATION_FORMAT = "dwarf-with-dsym";
				ENABLE_NS_ASSERTIONS = NO;
				ENABLE_STRICT_OBJC_MSGSEND = YES;
				GCC_C_LANGUAGE_STANDARD = gnu99;
				GCC_NO_COMMON_BLOCKS = YES;
				GCC_WARN_64_TO_32_BIT_CONVERSION = YES;
				GCC_WARN_ABOUT_RETURN_TYPE = YES_ERROR;
				GCC_WARN_UNDECLARED_SELECTOR = YES;
				GCC_WARN_UNINITIALIZED_AUTOS = YES_AGGRESSIVE;
				GCC_WARN_UNUSED_FUNCTION = YES;
				GCC_WARN_UNUSED_VARIABLE = YES;
				IPHONEOS_DEPLOYMENT_TARGET = 9.1;
				MTL_ENABLE_DEBUG_INFO = NO;
				SDKROOT = iphoneos;
				VALIDATE_PRODUCT = YES;
			};
			name = Release;
		};
		34F301921C0D1C5F00B6629D /* Debug */ = {
			isa = XCBuildConfiguration;
			buildSettings = {
				ASSETCATALOG_COMPILER_APPICON_NAME = AppIcon;
				INFOPLIST_FILE = PMFMDB/Info.plist;
				LD_RUNPATH_SEARCH_PATHS = "$(inherited) @executable_path/Frameworks";
				PRODUCT_BUNDLE_IDENTIFIER = com.wsy.PMFMDB;
				PRODUCT_NAME = "$(TARGET_NAME)";
			};
			name = Debug;
		};
		34F301931C0D1C5F00B6629D /* Release */ = {
			isa = XCBuildConfiguration;
			buildSettings = {
				ASSETCATALOG_COMPILER_APPICON_NAME = AppIcon;
				INFOPLIST_FILE = PMFMDB/Info.plist;
				LD_RUNPATH_SEARCH_PATHS = "$(inherited) @executable_path/Frameworks";
				PRODUCT_BUNDLE_IDENTIFIER = com.wsy.PMFMDB;
				PRODUCT_NAME = "$(TARGET_NAME)";
			};
			name = Release;
		};
		34F301951C0D1C5F00B6629D /* Debug */ = {
			isa = XCBuildConfiguration;
			buildSettings = {
				BUNDLE_LOADER = "$(TEST_HOST)";
				INFOPLIST_FILE = PMFMDBTests/Info.plist;
				LD_RUNPATH_SEARCH_PATHS = "$(inherited) @executable_path/Frameworks @loader_path/Frameworks";
				PRODUCT_BUNDLE_IDENTIFIER = com.wsy.PMFMDBTests;
				PRODUCT_NAME = "$(TARGET_NAME)";
				TEST_HOST = "$(BUILT_PRODUCTS_DIR)/PMFMDB.app/PMFMDB";
			};
			name = Debug;
		};
		34F301961C0D1C5F00B6629D /* Release */ = {
			isa = XCBuildConfiguration;
			buildSettings = {
				BUNDLE_LOADER = "$(TEST_HOST)";
				INFOPLIST_FILE = PMFMDBTests/Info.plist;
				LD_RUNPATH_SEARCH_PATHS = "$(inherited) @executable_path/Frameworks @loader_path/Frameworks";
				PRODUCT_BUNDLE_IDENTIFIER = com.wsy.PMFMDBTests;
				PRODUCT_NAME = "$(TARGET_NAME)";
				TEST_HOST = "$(BUILT_PRODUCTS_DIR)/PMFMDB.app/PMFMDB";
			};
			name = Release;
		};
		34F301981C0D1C5F00B6629D /* Debug */ = {
			isa = XCBuildConfiguration;
			buildSettings = {
				INFOPLIST_FILE = PMFMDBUITests/Info.plist;
				LD_RUNPATH_SEARCH_PATHS = "$(inherited) @executable_path/Frameworks @loader_path/Frameworks";
				PRODUCT_BUNDLE_IDENTIFIER = com.wsy.PMFMDBUITests;
				PRODUCT_NAME = "$(TARGET_NAME)";
				TEST_TARGET_NAME = PMFMDB;
				USES_XCTRUNNER = YES;
			};
			name = Debug;
		};
		34F301991C0D1C5F00B6629D /* Release */ = {
			isa = XCBuildConfiguration;
			buildSettings = {
				INFOPLIST_FILE = PMFMDBUITests/Info.plist;
				LD_RUNPATH_SEARCH_PATHS = "$(inherited) @executable_path/Frameworks @loader_path/Frameworks";
				PRODUCT_BUNDLE_IDENTIFIER = com.wsy.PMFMDBUITests;
				PRODUCT_NAME = "$(TARGET_NAME)";
				TEST_TARGET_NAME = PMFMDB;
				USES_XCTRUNNER = YES;
			};
			name = Release;
		};
/* End XCBuildConfiguration section */

/* Begin XCConfigurationList section */
		34F3015F1C0D1C5F00B6629D /* Build configuration list for PBXProject "PMFMDB" */ = {
			isa = XCConfigurationList;
			buildConfigurations = (
				34F3018F1C0D1C5F00B6629D /* Debug */,
				34F301901C0D1C5F00B6629D /* Release */,
			);
			defaultConfigurationIsVisible = 0;
			defaultConfigurationName = Release;
		};
		34F301911C0D1C5F00B6629D /* Build configuration list for PBXNativeTarget "PMFMDB" */ = {
			isa = XCConfigurationList;
			buildConfigurations = (
				34F301921C0D1C5F00B6629D /* Debug */,
				34F301931C0D1C5F00B6629D /* Release */,
			);
			defaultConfigurationIsVisible = 0;
			defaultConfigurationName = Release;
		};
		34F301941C0D1C5F00B6629D /* Build configuration list for PBXNativeTarget "PMFMDBTests" */ = {
			isa = XCConfigurationList;
			buildConfigurations = (
				34F301951C0D1C5F00B6629D /* Debug */,
				34F301961C0D1C5F00B6629D /* Release */,
			);
			defaultConfigurationIsVisible = 0;
			defaultConfigurationName = Release;
		};
		34F301971C0D1C5F00B6629D /* Build configuration list for PBXNativeTarget "PMFMDBUITests" */ = {
			isa = XCConfigurationList;
			buildConfigurations = (
				34F301981C0D1C5F00B6629D /* Debug */,
				34F301991C0D1C5F00B6629D /* Release */,
			);
			defaultConfigurationIsVisible = 0;
			defaultConfigurationName = Release;
		};
/* End XCConfigurationList section */
	};
	rootObject = 34F3015C1C0D1C5F00B6629D /* Project object */;
}
